
Microsoft Visual Studio Solution File, Format Version 12.00
# Visual Studio Version 16
VisualStudioVersion = 16.0.30717.126
MinimumVisualStudioVersion = 10.0.40219.1
Project("{FAE04EC0-301F-11D3-BF4B-00C04F79EFBC}") = "XML_Lab", "XML_Lab\XML_Lab.csproj", "{71A071E3-9E89-441B-879A-A9FF7ADDAEAE}"
EndProject
Global
	GlobalSection(SolutionConfigurationPlatforms) = preSolution
		Debug|Any CPU = Debug|Any CPU
		Release|Any CPU = Release|Any CPU
	EndGlobalSection
	GlobalSection(ProjectConfigurationPlatforms) = postSolution
		{71A071E3-9E89-441B-879A-A9FF7ADDAEAE}.Debug|Any CPU.ActiveCfg = Debug|Any CPU
		{71A071E3-9E89-441B-879A-A9FF7ADDAEAE}.Debug|Any CPU.Build.0 = Debug|Any CPU
		{71A071E3-9E89-441B-879A-A9FF7ADDAEAE}.Release|Any CPU.ActiveCfg = Release|Any CPU
		{71A071E3-9E89-441B-879A-A9FF7ADDAEAE}.Release|Any CPU.Build.0 = Release|Any CPU
	EndGlobalSection
	GlobalSection(SolutionProperties) = preSolution
		HideSolutionNode = FALSE
	EndGlobalSection
	GlobalSection(ExtensibilityGlobals) = postSolution
		SolutionGuid = {47533D7B-FCFB-4DE1-8356-42FB7E93F6E0}
	EndGlobalSection
EndGlobal
